
Microsoft Visual Studio Solution File, Format Version 12.00
# Visual Studio Version 16
VisualStudioVersion = 16.0.31702.278
MinimumVisualStudioVersion = 10.0.40219.1
Project("{FAE04EC0-301F-11D3-BF4B-00C04F79EFBC}") = "CalculadoraDiasUteis", "CalculadoraDiasUteis\CalculadoraDiasUteis.csproj", "{76C6E06A-3D85-445C-9509-545313246BF3}"
EndProject
Global
	GlobalSection(SolutionConfigurationPlatforms) = preSolution
		Debug|Any CPU = Debug|Any CPU
		Release|Any CPU = Release|Any CPU
	EndGlobalSection
	GlobalSection(ProjectConfigurationPlatforms) = postSolution
		{76C6E06A-3D85-445C-9509-545313246BF3}.Debug|Any CPU.ActiveCfg = Debug|Any CPU
		{76C6E06A-3D85-445C-9509-545313246BF3}.Debug|Any CPU.Build.0 = Debug|Any CPU
		{76C6E06A-3D85-445C-9509-545313246BF3}.Release|Any CPU.ActiveCfg = Release|Any CPU
		{76C6E06A-3D85-445C-9509-545313246BF3}.Release|Any CPU.Build.0 = Release|Any CPU
	EndGlobalSection
	GlobalSection(SolutionProperties) = preSolution
		HideSolutionNode = FALSE
	EndGlobalSection
	GlobalSection(ExtensibilityGlobals) = postSolution
		SolutionGuid = {99A90233-F91E-4C9C-8782-57B1A2D31B98}
	EndGlobalSection
EndGlobal
